
Microsoft Visual Studio Solution File, Format Version 12.00
# Visual Studio Version 16
VisualStudioVersion = 16.0.30225.117
MinimumVisualStudioVersion = 10.0.40219.1
Project("{FAE04EC0-301F-11D3-BF4B-00C04F79EFBC}") = "SharpBuster", "SharpBuster\SharpBuster.csproj", "{9786E418-6C4A-471D-97C0-8B5F2ED524C8}"
EndProject
Global
	GlobalSection(SolutionConfigurationPlatforms) = preSolution
		Debug|Any CPU = Debug|Any CPU
		Release|Any CPU = Release|Any CPU
	EndGlobalSection
	GlobalSection(ProjectConfigurationPlatforms) = postSolution
		{9786E418-6C4A-471D-97C0-8B5F2ED524C8}.Debug|Any CPU.ActiveCfg = Debug|Any CPU
		{9786E418-6C4A-471D-97C0-8B5F2ED524C8}.Debug|Any CPU.Build.0 = Debug|Any CPU
		{9786E418-6C4A-471D-97C0-8B5F2ED524C8}.Release|Any CPU.ActiveCfg = Release|Any CPU
		{9786E418-6C4A-471D-97C0-8B5F2ED524C8}.Release|Any CPU.Build.0 = Release|Any CPU
	EndGlobalSection
	GlobalSection(SolutionProperties) = preSolution
		HideSolutionNode = FALSE
	EndGlobalSection
	GlobalSection(ExtensibilityGlobals) = postSolution
		SolutionGuid = {C7F586E1-C4C5-443B-99F5-7939316B0CD0}
	EndGlobalSection
EndGlobal
